version: 2
generated:
  author: CI
  reason: Pin de Actions para reprodutibilidade
  sha: af7e54d397522f8c1e0be651dee8682aa87ec95f
  date: "2025-10-28T04:37:09Z"
actions:
  -
    key: actions/checkout@11bd71901bbe5b1630ceea73d27597364c9af683
    commit: 11bd71901bbe5b1630ceea73d27597364c9af683
    source: sha
    checked_at: "2025-10-28T04:35:57Z"
  -
    key: actions/checkout@v4
    commit: 11bd71901bbe5b1630ceea73d27597364c9af683
    source: tag
    checked_at: "2025-10-28T04:35:57Z"
  -
    key: actions/download-artifact@d3f86a106a0bac45b974a628896c90dbdf5c8093
    commit: d3f86a106a0bac45b974a628896c90dbdf5c8093
    source: sha
    checked_at: "2025-10-28T04:35:57Z"
  -
    key: actions/download-artifact@v4
    commit: d3f86a106a0bac45b974a628896c90dbdf5c8093
    source: tag
    checked_at: "2025-10-28T04:35:57Z"
  -
    key: actions/setup-python@42375524e23c412d93fb67b49958b491fce71c38
    commit: 42375524e23c412d93fb67b49958b491fce71c38
    source: sha
    checked_at: "2025-10-28T04:35:57Z"
  -
    key: actions/setup-python@v5
    commit: 42375524e23c412d93fb67b49958b491fce71c38
    source: tag
    checked_at: "2025-10-28T04:35:57Z"
  -
    key: actions/upload-artifact@ea165f8d65b6e75b540449e92b4886f43607fa02
    commit: ea165f8d65b6e75b540449e92b4886f43607fa02
    source: sha
    checked_at: "2025-10-28T04:35:57Z"
  -
    key: actions/upload-artifact@v4
    commit: ea165f8d65b6e75b540449e92b4886f43607fa02
    source: tag
    checked_at: "2025-10-28T04:35:57Z"
  -
    key: docker/login-action@f4ef339be1f7c0066db2ed1d1c637d705d7d76e8
    commit: f4ef339be1f7c0066db2ed1d1c637d705d7d76e8
    source: sha
    checked_at: "2025-10-28T04:35:57Z"
  -
    key: docker/login-action@v3
    commit: f4ef339be1f7c0066db2ed1d1c637d705d7d76e8
    source: tag
    checked_at: "2025-10-28T04:35:57Z"
  -
    key: returntocorp/semgrep-action@d2118d8864c8ad5ac2ffb5f062e30aea0a43d0f0
    commit: d2118d8864c8ad5ac2ffb5f062e30aea0a43d0f0
    source: sha
    checked_at: "2025-10-28T04:35:57Z"
  -
    key: returntocorp/semgrep-action@v1
    commit: d2118d8864c8ad5ac2ffb5f062e30aea0a43d0f0
    source: tag
    checked_at: "2025-10-28T04:35:57Z"
  -
    key: reviewdog/action-actionlint@b7d45b0944b77dae1f21a196ee83fed3673d299c
    commit: b7d45b0944b77dae1f21a196ee83fed3673d299c
    source: sha
    checked_at: "2025-10-28T04:35:57Z"
  -
    key: reviewdog/action-actionlint@v1
    commit: b7d45b0944b77dae1f21a196ee83fed3673d299c
    source: tag
    checked_at: "2025-10-28T04:35:57Z"
