version: 2
generated:
  author: CI
  reason: Pin de Actions para reprodutibilidade
  sha: af7e54d397522f8c1e0be651dee8682aa87ec95f
  date: "2025-10-28T04:37:09Z"
actions:
  -
    key: actions/checkout@11bd71901bbe5b1630ceea73d27597364c9af683
    commit: 11bd71901bbe5b1630ceea73d27597364c9af683
    source: sha
    checked_at: "2025-10-28T04:35:57Z"
  -
    key: actions/checkout@f43a0e5d5da3b32b842f6cce0cf5b7a9766f2a72
    commit: f43a0e5d5da3b32b842f6cce0cf5b7a9766f2a72
    source: sha
    checked_at: "2025-10-28T04:35:57Z"
  -
    key: actions/checkout@v4
    commit: f43a0e5d5da3b32b842f6cce0cf5b7a9766f2a72
    source: tag
    checked_at: "2025-10-28T04:35:57Z"
  -
    key: actions/download-artifact@d3f86a106a0bac45b974a628896c90dbdf5c8093
    commit: d3f86a106a0bac45b974a628896c90dbdf5c8093
    source: sha
    checked_at: "2025-10-28T04:35:57Z"
  -
    key: actions/download-artifact@v4
    commit: d3f86a106a0bac45b974a628896c90dbdf5c8093
    source: tag
    checked_at: "2025-10-28T04:35:57Z"
  -
    key: actions/setup-python@3fbe49a64b204ce5b05c73e4593934d6683f2f87
    commit: 3fbe49a64b204ce5b05c73e4593934d6683f2f87
    source: sha
    checked_at: "2025-10-28T04:35:57Z"
  -
    key: actions/setup-python@v5
    commit: 3fbe49a64b204ce5b05c73e4593934d6683f2f87
    source: tag
    checked_at: "2025-10-28T04:35:57Z"
  -
    key: actions/upload-artifact@5d5fd0d0f13b66b0d7c0d180fba59a9d6f4b4c90
    commit: 5d5fd0d0f13b66b0d7c0d180fba59a9d6f4b4c90
    source: sha
    checked_at: "2025-10-28T04:35:57Z"
  -
    key: actions/upload-artifact@v4
    commit: 5d5fd0d0f13b66b0d7c0d180fba59a9d6f4b4c90
    source: tag
    checked_at: "2025-10-28T04:35:57Z"
  -
    key: docker/login-action@f4ef339be1f7c0066db2ed1d1c637d705d7d76e8
    commit: f4ef339be1f7c0066db2ed1d1c637d705d7d76e8
    source: sha
    checked_at: "2025-10-28T04:35:57Z"
  -
    key: docker/login-action@v3
    commit: f4ef339be1f7c0066db2ed1d1c637d705d7d76e8
    source: tag
    checked_at: "2025-10-28T04:35:57Z"
  -
    key: returntocorp/semgrep-action@d2118d8864c8ad5ac2ffb5f062e30aea0a43d0f0
    commit: d2118d8864c8ad5ac2ffb5f062e30aea0a43d0f0
    source: sha
    checked_at: "2025-10-28T04:35:57Z"
  -
    key: returntocorp/semgrep-action@v1
    commit: d2118d8864c8ad5ac2ffb5f062e30aea0a43d0f0
    source: tag
    checked_at: "2025-10-28T04:35:57Z"
  -
    key: reviewdog/action-actionlint@8619b6c9cf364a7e06e5c7dedc85f07bcb35c50a
    commit: 8619b6c9cf364a7e06e5c7dedc85f07bcb35c50a
    source: sha
    checked_at: "2025-10-28T04:35:57Z"
  -
    key: reviewdog/action-actionlint@v1
    commit: 8619b6c9cf364a7e06e5c7dedc85f07bcb35c50a
    source: tag
    checked_at: "2025-10-28T04:35:57Z"
