{
  "actions/checkout": {
    "sha": "11bd719072671a5b573d8ee83c61156b598640ef",
    "date": "2024-12-18",
    "author": "GitHub Actions",
    "rationale": "Pinned to checkout v4.2.2 after upstream commit rotation."
  },
  "actions/upload-artifact": {
    "sha": "a8a3bc47d66b9b4ade100e3f1920993de94506ee",
    "date": "2025-10-26",
    "author": "GitHub Actions",
    "rationale": "Hardened artifact uploads with scoped tokens and audit logging."
  },
  "actions/download-artifact": {
    "sha": "8b0f5668a7fe5adb56c1fb26a40cc1a2ddcae4c6",
    "date": "2025-10-26",
    "author": "GitHub Actions",
    "rationale": "Patched artifact downloads to mitigate traversal exposure."
  }
}
