{"workflows":{".github/workflows/_s7-orr.yml":{"actions/checkout":"11bd71901bbe5b1630ceea73d27597364c9af683","actions/setup-python":"3fbe49a64b204ce5b05c73e4593934d6683f2f87","actions/upload-artifact":"5d5fd0d0f13b66b0d7c0d180fba59a9d6f4b4c90"},".github/workflows/s7-t0-fast.yml":{"actions/checkout":"11bd71901bbe5b1630ceea73d27597364c9af683","actions/upload-artifact":"5d5fd0d0f13b66b0d7c0d180fba59a9d6f4b4c90"},".github/workflows/s7-t0-strict.yml":{"actions/checkout":"11bd71901bbe5b1630ceea73d27597364c9af683","actions/upload-artifact":"5d5fd0d0f13b66b0d7c0d180fba59a9d6f4b4c90"},".github/workflows/s7-t0.yml":{"actions/checkout":"11bd71901bbe5b1630ceea73d27597364c9af683","actions/upload-artifact":"5d5fd0d0f13b66b0d7c0d180fba59a9d6f4b4c90"},".github/workflows/s7-validator.yml":{"actions/checkout":"11bd71901bbe5b1630ceea73d27597364c9af683","actions/setup-python":"3fbe49a64b204ce5b05c73e4593934d6683f2f87","actions/upload-artifact":"5d5fd0d0f13b66b0d7c0d180fba59a9d6f4b4c90"},".github/workflows/sprint-guard.yml":{"actions/checkout":"11bd71901bbe5b1630ceea73d27597364c9af683"}}}